
Microsoft Visual Studio Solution File, Format Version 12.00
# Visual Studio Version 16
VisualStudioVersion = 16.0.30709.132
MinimumVisualStudioVersion = 10.0.40219.1
Project("{FAE04EC0-301F-11D3-BF4B-00C04F79EFBC}") = "SimpleHTTPClient", "SimpleHTTPClient\SimpleHTTPClient.csproj", "{7E53DA71-9664-49F8-9C2E-57EDC6E52D11}"
EndProject
Project("{FAE04EC0-301F-11D3-BF4B-00C04F79EFBC}") = "SimpleHTTPServer", "SimpleHTTPServer\SimpleHTTPServer.csproj", "{BEDA65D3-4368-46F0-8395-2A2EC6357775}"
EndProject
Global
	GlobalSection(SolutionConfigurationPlatforms) = preSolution
		Debug|Any CPU = Debug|Any CPU
		Release|Any CPU = Release|Any CPU
	EndGlobalSection
	GlobalSection(ProjectConfigurationPlatforms) = postSolution
		{7E53DA71-9664-49F8-9C2E-57EDC6E52D11}.Debug|Any CPU.ActiveCfg = Debug|Any CPU
		{7E53DA71-9664-49F8-9C2E-57EDC6E52D11}.Debug|Any CPU.Build.0 = Debug|Any CPU
		{7E53DA71-9664-49F8-9C2E-57EDC6E52D11}.Release|Any CPU.ActiveCfg = Release|Any CPU
		{7E53DA71-9664-49F8-9C2E-57EDC6E52D11}.Release|Any CPU.Build.0 = Release|Any CPU
		{BEDA65D3-4368-46F0-8395-2A2EC6357775}.Debug|Any CPU.ActiveCfg = Debug|Any CPU
		{BEDA65D3-4368-46F0-8395-2A2EC6357775}.Debug|Any CPU.Build.0 = Debug|Any CPU
		{BEDA65D3-4368-46F0-8395-2A2EC6357775}.Release|Any CPU.ActiveCfg = Release|Any CPU
		{BEDA65D3-4368-46F0-8395-2A2EC6357775}.Release|Any CPU.Build.0 = Release|Any CPU
	EndGlobalSection
	GlobalSection(SolutionProperties) = preSolution
		HideSolutionNode = FALSE
	EndGlobalSection
	GlobalSection(ExtensibilityGlobals) = postSolution
		SolutionGuid = {F980BBF1-CEC6-43FF-9C03-E4C8A603EF6B}
	EndGlobalSection
EndGlobal
